
Microsoft Visual Studio Solution File, Format Version 12.00
# Visual Studio Version 17
VisualStudioVersion = 17.12.35506.116
MinimumVisualStudioVersion = 10.0.40219.1
Project("{2150E333-8FDC-42A3-9474-1A3956D46DE8}") = "FrontEnd", "FrontEnd", "{59122C4D-A3BC-40B7-97D8-C517A0C3B12C}"
EndProject
Project("{2150E333-8FDC-42A3-9474-1A3956D46DE8}") = "Gateway", "Gateway", "{61EB1F6D-7D06-459F-8A26-9C15B4662A09}"
EndProject
Project("{2150E333-8FDC-42A3-9474-1A3956D46DE8}") = "Integration", "Integration", "{938EBAAD-264B-4B09-A554-A1F242360DF6}"
EndProject
Project("{2150E333-8FDC-42A3-9474-1A3956D46DE8}") = "Services", "Services", "{3DAD3F02-0EE7-474B-9702-F83B8B28E511}"
EndProject
Project("{FAE04EC0-301F-11D3-BF4B-00C04F79EFBC}") = "Mango.Services.CouponAPI", "Mango.Services.CouponAPI\Mango.Services.CouponAPI.csproj", "{6A344EE3-5B37-4852-ABB8-FD7EAF436A95}"
EndProject
Project("{FAE04EC0-301F-11D3-BF4B-00C04F79EFBC}") = "Mango.Web", "Mango.Web\Mango.Web.csproj", "{D47B6BF1-D6D5-4C68-A4D4-D8C3C29A55FE}"
EndProject
Project("{FAE04EC0-301F-11D3-BF4B-00C04F79EFBC}") = "Mango.Services.AuthAPI", "Mango.Services.AuthAPI\Mango.Services.AuthAPI.csproj", "{B5D02E97-11A0-4A4D-96A1-5B6453C66097}"
EndProject
Project("{FAE04EC0-301F-11D3-BF4B-00C04F79EFBC}") = "Mango.Services.ProductAPI", "Mango.Services.ProductAPI\Mango.Services.ProductAPI.csproj", "{F8DA617A-1BDA-47A7-80B2-B01C77B19355}"
EndProject
Global
	GlobalSection(SolutionConfigurationPlatforms) = preSolution
		Debug|Any CPU = Debug|Any CPU
		Release|Any CPU = Release|Any CPU
	EndGlobalSection
	GlobalSection(ProjectConfigurationPlatforms) = postSolution
		{6A344EE3-5B37-4852-ABB8-FD7EAF436A95}.Debug|Any CPU.ActiveCfg = Debug|Any CPU
		{6A344EE3-5B37-4852-ABB8-FD7EAF436A95}.Debug|Any CPU.Build.0 = Debug|Any CPU
		{6A344EE3-5B37-4852-ABB8-FD7EAF436A95}.Release|Any CPU.ActiveCfg = Release|Any CPU
		{6A344EE3-5B37-4852-ABB8-FD7EAF436A95}.Release|Any CPU.Build.0 = Release|Any CPU
		{D47B6BF1-D6D5-4C68-A4D4-D8C3C29A55FE}.Debug|Any CPU.ActiveCfg = Debug|Any CPU
		{D47B6BF1-D6D5-4C68-A4D4-D8C3C29A55FE}.Debug|Any CPU.Build.0 = Debug|Any CPU
		{D47B6BF1-D6D5-4C68-A4D4-D8C3C29A55FE}.Release|Any CPU.ActiveCfg = Release|Any CPU
		{D47B6BF1-D6D5-4C68-A4D4-D8C3C29A55FE}.Release|Any CPU.Build.0 = Release|Any CPU
		{B5D02E97-11A0-4A4D-96A1-5B6453C66097}.Debug|Any CPU.ActiveCfg = Debug|Any CPU
		{B5D02E97-11A0-4A4D-96A1-5B6453C66097}.Debug|Any CPU.Build.0 = Debug|Any CPU
		{B5D02E97-11A0-4A4D-96A1-5B6453C66097}.Release|Any CPU.ActiveCfg = Release|Any CPU
		{B5D02E97-11A0-4A4D-96A1-5B6453C66097}.Release|Any CPU.Build.0 = Release|Any CPU
		{F8DA617A-1BDA-47A7-80B2-B01C77B19355}.Debug|Any CPU.ActiveCfg = Debug|Any CPU
		{F8DA617A-1BDA-47A7-80B2-B01C77B19355}.Debug|Any CPU.Build.0 = Debug|Any CPU
		{F8DA617A-1BDA-47A7-80B2-B01C77B19355}.Release|Any CPU.ActiveCfg = Release|Any CPU
		{F8DA617A-1BDA-47A7-80B2-B01C77B19355}.Release|Any CPU.Build.0 = Release|Any CPU
	EndGlobalSection
	GlobalSection(SolutionProperties) = preSolution
		HideSolutionNode = FALSE
	EndGlobalSection
	GlobalSection(NestedProjects) = preSolution
		{6A344EE3-5B37-4852-ABB8-FD7EAF436A95} = {3DAD3F02-0EE7-474B-9702-F83B8B28E511}
		{D47B6BF1-D6D5-4C68-A4D4-D8C3C29A55FE} = {59122C4D-A3BC-40B7-97D8-C517A0C3B12C}
		{B5D02E97-11A0-4A4D-96A1-5B6453C66097} = {3DAD3F02-0EE7-474B-9702-F83B8B28E511}
		{F8DA617A-1BDA-47A7-80B2-B01C77B19355} = {3DAD3F02-0EE7-474B-9702-F83B8B28E511}
	EndGlobalSection
EndGlobal
